{
  "originHash" : "ad8ed9eba94f445c6483be8dcc629f3992eebe5d17fe6e4d39bf97756046289f",
  "pins" : [
    {
      "identity" : "richtextkit",
      "kind" : "remoteSourceControl",
      "location" : "https://github.com/danielsaidi/RichTextKit",
      "state" : {
        "revision" : "c1f94420b6f3cd5aa2aa20e916fe4f44540c9ec8",
        "version" : "1.1.1"
      }
    }
  ],
  "version" : 3
}
