// !$*UTF8*$!
{
	archiveVersion = 1;
	classes = {
	};
	objectVersion = 70;
	objects = {

/* Begin PBXBuildFile section */
		3E252DA62CEBAB390053506C /* screenshot.png in Resources */ = {isa = PBXBuildFile; fileRef = 3E252DA52CEBAB390053506C /* screenshot.png */; };
		3E730C2F2D15441200FCD000 /* RichTextKit in Frameworks */ = {isa = PBXBuildFile; productRef = 3E730C2E2D15441200FCD000 /* RichTextKit */; };
		3E730C322D15471D00FCD000 /* Auth in Frameworks */ = {isa = PBXBuildFile; productRef = 3E730C312D15471D00FCD000 /* Auth */; };
		3E730C342D15471D00FCD000 /* Functions in Frameworks */ = {isa = PBXBuildFile; productRef = 3E730C332D15471D00FCD000 /* Functions */; };
		3E730C362D15471D00FCD000 /* PostgREST in Frameworks */ = {isa = PBXBuildFile; productRef = 3E730C352D15471D00FCD000 /* PostgREST */; };
		3E730C382D15471D00FCD000 /* Realtime in Frameworks */ = {isa = PBXBuildFile; productRef = 3E730C372D15471D00FCD000 /* Realtime */; };
		3E730C3A2D15471D00FCD000 /* Storage in Frameworks */ = {isa = PBXBuildFile; productRef = 3E730C392D15471D00FCD000 /* Storage */; };
		3E730C3C2D15471D00FCD000 /* Supabase in Frameworks */ = {isa = PBXBuildFile; productRef = 3E730C3B2D15471D00FCD000 /* Supabase */; };
		3E7B743F2CC547B600569AE7 /* Model.xcdatamodeld in Sources */ = {isa = PBXBuildFile; fileRef = 3E7B743D2CC5467800569AE7 /* Model.xcdatamodeld */; };
		3E7B744B2CCD9F2900569AE7 /* README.md in Resources */ = {isa = PBXBuildFile; fileRef = 3E7B744A2CCD9F2400569AE7 /* README.md */; };
		3EC75B872D55AD5D00A4605A /* Lottie in Frameworks */ = {isa = PBXBuildFile; productRef = 3EC75B862D55AD5D00A4605A /* Lottie */; };
		3ED0E4F92E5E3F6E00D2965E /* LocationManager.swift in Sources */ = {isa = PBXBuildFile; fileRef = 3ED0E4AF2E5E3F6E00D2965E /* LocationManager.swift */; };
		3ED0E4FA2E5E3F6E00D2965E /* ProfileView.swift in Sources */ = {isa = PBXBuildFile; fileRef = 3ED0E4D02E5E3F6E00D2965E /* ProfileView.swift */; };
		3ED0E4FB2E5E3F6E00D2965E /* AuthenticationView.swift in Sources */ = {isa = PBXBuildFile; fileRef = 3ED0E4CE2E5E3F6E00D2965E /* AuthenticationView.swift */; };
		3ED0E4FC2E5E3F6E00D2965E /* CategoryEditorView.swift in Sources */ = {isa = PBXBuildFile; fileRef = 3ED0E4D42E5E3F6E00D2965E /* CategoryEditorView.swift */; };
		3ED0E4FD2E5E3F6E00D2965E /* NoteRepository.swift in Sources */ = {isa = PBXBuildFile; fileRef = 3ED0E4F52E5E3F6E00D2965E /* NoteRepository.swift */; };
		3ED0E4FE2E5E3F6E00D2965E /* PublicNoteDetailView.swift in Sources */ = {isa = PBXBuildFile; fileRef = 3ED0E4CB2E5E3F6E00D2965E /* PublicNoteDetailView.swift */; };
		3ED0E4FF2E5E3F6E00D2965E /* DonationView.swift in Sources */ = {isa = PBXBuildFile; fileRef = 3ED0E4D72E5E3F6E00D2965E /* DonationView.swift */; };
		3ED0E5002E5E3F6E00D2965E /* CheckEmailView.swift in Sources */ = {isa = PBXBuildFile; fileRef = 3ED0E4D52E5E3F6E00D2965E /* CheckEmailView.swift */; };
		3ED0E5012E5E3F6E00D2965E /* EnhancedUIComponents.swift in Sources */ = {isa = PBXBuildFile; fileRef = 3ED0E4BE2E5E3F6E00D2965E /* EnhancedUIComponents.swift */; };
		3ED0E5022E5E3F6E00D2965E /* PublicNoteView.swift in Sources */ = {isa = PBXBuildFile; fileRef = 3ED0E4CC2E5E3F6E00D2965E /* PublicNoteView.swift */; };
		3ED0E5032E5E3F6E00D2965E /* NotificationManager.swift in Sources */ = {isa = PBXBuildFile; fileRef = 3ED0E4B12E5E3F6E00D2965E /* NotificationManager.swift */; };
		3ED0E5042E5E3F6E00D2965E /* DateBar.swift in Sources */ = {isa = PBXBuildFile; fileRef = 3ED0E4E32E5E3F6E00D2965E /* DateBar.swift */; };
		3ED0E5052E5E3F6E00D2965E /* UserSettings.swift in Sources */ = {isa = PBXBuildFile; fileRef = 3ED0E4A62E5E3F6E00D2965E /* UserSettings.swift */; };
		3ED0E5062E5E3F6E00D2965E /* LocationView.swift in Sources */ = {isa = PBXBuildFile; fileRef = 3ED0E4D92E5E3F6E00D2965E /* LocationView.swift */; };
		3ED0E5072E5E3F6E00D2965E /* PremiumManager.swift in Sources */ = {isa = PBXBuildFile; fileRef = 3ED0E4B32E5E3F6E00D2965E /* PremiumManager.swift */; };
		3ED0E5082E5E3F6E00D2965E /* Profile.swift in Sources */ = {isa = PBXBuildFile; fileRef = 3ED0E4A42E5E3F6E00D2965E /* Profile.swift */; };
		3ED0E5092E5E3F6E00D2965E /* Category.swift in Sources */ = {isa = PBXBuildFile; fileRef = 3ED0E4A02E5E3F6E00D2965E /* Category.swift */; };
		3ED0E50A2E5E3F6E00D2965E /* SupabaseNote.swift in Sources */ = {isa = PBXBuildFile; fileRef = 3ED0E4A52E5E3F6E00D2965E /* SupabaseNote.swift */; };
		3ED0E50B2E5E3F6E00D2965E /* CategoryUUIDGenerator.swift in Sources */ = {isa = PBXBuildFile; fileRef = 3ED0E4A92E5E3F6E00D2965E /* CategoryUUIDGenerator.swift */; };
		3ED0E50C2E5E3F6E00D2965E /* EditorPreferencesView.swift in Sources */ = {isa = PBXBuildFile; fileRef = 3ED0E4D82E5E3F6E00D2965E /* EditorPreferencesView.swift */; };
		3ED0E50D2E5E3F6E00D2965E /* LocationSearchViewModel.swift in Sources */ = {isa = PBXBuildFile; fileRef = 3ED0E4B02E5E3F6E00D2965E /* LocationSearchViewModel.swift */; };
		3ED0E50E2E5E3F6E00D2965E /* SyncedNote.swift in Sources */ = {isa = PBXBuildFile; fileRef = 3ED0E4B72E5E3F6E00D2965E /* SyncedNote.swift */; };
		3ED0E50F2E5E3F6E00D2965E /* NoteEditorView.swift in Sources */ = {isa = PBXBuildFile; fileRef = 3ED0E4DA2E5E3F6E00D2965E /* NoteEditorView.swift */; };
		3ED0E5102E5E3F6E00D2965E /* NoteMetadataView.swift in Sources */ = {isa = PBXBuildFile; fileRef = 3ED0E4C12E5E3F6E00D2965E /* NoteMetadataView.swift */; };
		3ED0E5112E5E3F6E00D2965E /* NoteApp.swift in Sources */ = {isa = PBXBuildFile; fileRef = 3ED0E4F42E5E3F6E00D2965E /* NoteApp.swift */; };
		3ED0E5122E5E3F6E00D2965E /* NotificationMessageProvider.swift in Sources */ = {isa = PBXBuildFile; fileRef = 3ED0E4B22E5E3F6E00D2965E /* NotificationMessageProvider.swift */; };
		3ED0E5132E5E3F6E00D2965E /* MapView.swift in Sources */ = {isa = PBXBuildFile; fileRef = 3ED0E4E52E5E3F6E00D2965E /* MapView.swift */; };
		3ED0E5142E5E3F6E00D2965E /* SupabaseManager.swift in Sources */ = {isa = PBXBuildFile; fileRef = 3ED0E4B62E5E3F6E00D2965E /* SupabaseManager.swift */; };
		3ED0E5152E5E3F6E00D2965E /* PaywallView.swift in Sources */ = {isa = PBXBuildFile; fileRef = 3ED0E4DC2E5E3F6E00D2965E /* PaywallView.swift */; };
		3ED0E5162E5E3F6E00D2965E /* StyleManager.swift in Sources */ = {isa = PBXBuildFile; fileRef = 3ED0E4B52E5E3F6E00D2965E /* StyleManager.swift */; };
		3ED0E5172E5E3F6E00D2965E /* CommentModel.swift in Sources */ = {isa = PBXBuildFile; fileRef = 3ED0E4A12E5E3F6E00D2965E /* CommentModel.swift */; };
		3ED0E5182E5E3F6E00D2965E /* CoreDataManager.swift in Sources */ = {isa = PBXBuildFile; fileRef = 3ED0E4AD2E5E3F6E00D2965E /* CoreDataManager.swift */; };
		3ED0E5192E5E3F6E00D2965E /* PrivacyToggleView.swift in Sources */ = {isa = PBXBuildFile; fileRef = 3ED0E4C52E5E3F6E00D2965E /* PrivacyToggleView.swift */; };
		3ED0E51A2E5E3F6E00D2965E /* CategoryEditorListView.swift in Sources */ = {isa = PBXBuildFile; fileRef = 3ED0E4D32E5E3F6E00D2965E /* CategoryEditorListView.swift */; };
		3ED0E51B2E5E3F6E00D2965E /* DateView.swift in Sources */ = {isa = PBXBuildFile; fileRef = 3ED0E49B2E5E3F6E00D2965E /* DateView.swift */; };
		3ED0E51C2E5E3F6E00D2965E /* FeedView.swift in Sources */ = {isa = PBXBuildFile; fileRef = 3ED0E4C92E5E3F6E00D2965E /* FeedView.swift */; };
		3ED0E51D2E5E3F6E00D2965E /* UserView.swift in Sources */ = {isa = PBXBuildFile; fileRef = 3ED0E4D12E5E3F6E00D2965E /* UserView.swift */; };
		3ED0E51E2E5E3F6E00D2965E /* TooltipModifier.swift in Sources */ = {isa = PBXBuildFile; fileRef = 3ED0E4EF2E5E3F6E00D2965E /* TooltipModifier.swift */; };
		3ED0E51F2E5E3F6E00D2965E /* ContentView.swift in Sources */ = {isa = PBXBuildFile; fileRef = 3ED0E4D62E5E3F6E00D2965E /* ContentView.swift */; };
		3ED0E5202E5E3F6E00D2965E /* RegistrationView.swift in Sources */ = {isa = PBXBuildFile; fileRef = 3ED0E4DE2E5E3F6E00D2965E /* RegistrationView.swift */; };
		3ED0E5212E5E3F6E00D2965E /* Tables.swift in Sources */ = {isa = PBXBuildFile; fileRef = 3ED0E4F72E5E3F6E00D2965E /* Tables.swift */; };
		3ED0E5222E5E3F6E00D2965E /* StorageManager.swift in Sources */ = {isa = PBXBuildFile; fileRef = 3ED0E4B42E5E3F6E00D2965E /* StorageManager.swift */; };
		3ED0E5232E5E3F6E00D2965E /* Untitled.swift in Sources */ = {isa = PBXBuildFile; fileRef = 3ED0E4E12E5E3F6E00D2965E /* Untitled.swift */; };
		3ED0E5242E5E3F6E00D2965E /* LocationAddressViewModel.swift in Sources */ = {isa = PBXBuildFile; fileRef = 3ED0E4C02E5E3F6E00D2965E /* LocationAddressViewModel.swift */; };
		3ED0E5252E5E3F6E00D2965E /* OnboardingComponents.swift in Sources */ = {isa = PBXBuildFile; fileRef = 3ED0E4E82E5E3F6E00D2965E /* OnboardingComponents.swift */; };
		3ED0E5262E5E3F6E00D2965E /* OnboardingCoordinator.swift in Sources */ = {isa = PBXBuildFile; fileRef = 3ED0E4E92E5E3F6E00D2965E /* OnboardingCoordinator.swift */; };
		3ED0E5272E5E3F6E00D2965E /* Note.swift in Sources */ = {isa = PBXBuildFile; fileRef = 3ED0E4A32E5E3F6E00D2965E /* Note.swift */; };
		3ED0E5282E5E3F6E00D2965E /* ToastModifier.swift in Sources */ = {isa = PBXBuildFile; fileRef = 3ED0E4C62E5E3F6E00D2965E /* ToastModifier.swift */; };
		3ED0E5292E5E3F6E00D2965E /* WeatherBar.swift in Sources */ = {isa = PBXBuildFile; fileRef = 3ED0E4E62E5E3F6E00D2965E /* WeatherBar.swift */; };
		3ED0E52B2E5E3F6E00D2965E /* EnhancedCategorySelectionView.swift in Sources */ = {isa = PBXBuildFile; fileRef = 3ED0E4BD2E5E3F6E00D2965E /* EnhancedCategorySelectionView.swift */; };
		3ED0E52C2E5E3F6E00D2965E /* MyPublicNotesView.swift in Sources */ = {isa = PBXBuildFile; fileRef = 3ED0E4CA2E5E3F6E00D2965E /* MyPublicNotesView.swift */; };
		3ED0E52D2E5E3F6E00D2965E /* PrivacySettingsView.swift in Sources */ = {isa = PBXBuildFile; fileRef = 3ED0E4DD2E5E3F6E00D2965E /* PrivacySettingsView.swift */; };
		3ED0E52E2E5E3F6E00D2965E /* NotificationPermissionStatus.swift in Sources */ = {isa = PBXBuildFile; fileRef = 3ED0E4C32E5E3F6E00D2965E /* NotificationPermissionStatus.swift */; };
		3ED0E52F2E5E3F6E00D2965E /* CommentRowView.swift in Sources */ = {isa = PBXBuildFile; fileRef = 3ED0E4C82E5E3F6E00D2965E /* CommentRowView.swift */; };
		3ED0E5302E5E3F6E00D2965E /* SyncManager.swift in Sources */ = {isa = PBXBuildFile; fileRef = 3ED0E4B82E5E3F6E00D2965E /* SyncManager.swift */; };
		3ED0E5312E5E3F6E00D2965E /* LocationBar.swift in Sources */ = {isa = PBXBuildFile; fileRef = 3ED0E4E42E5E3F6E00D2965E /* LocationBar.swift */; };
		3ED0E5322E5E3F6E00D2965E /* SuggestedFeature.swift in Sources */ = {isa = PBXBuildFile; fileRef = 3ED0E4ED2E5E3F6E00D2965E /* SuggestedFeature.swift */; };
		3ED0E5332E5E3F6E00D2965E /* ImagePicker.swift in Sources */ = {isa = PBXBuildFile; fileRef = 3ED0E49C2E5E3F6E00D2965E /* ImagePicker.swift */; };
		3ED0E5342E5E3F6E00D2965E /* RichTextView.swift in Sources */ = {isa = PBXBuildFile; fileRef = 3ED0E4EC2E5E3F6E00D2965E /* RichTextView.swift */; };
		3ED0E5352E5E3F6E00D2965E /* NoteView.swift in Sources */ = {isa = PBXBuildFile; fileRef = 3ED0E4C22E5E3F6E00D2965E /* NoteView.swift */; };
		3ED0E5362E5E3F6E00D2965E /* OnboardingView.swift in Sources */ = {isa = PBXBuildFile; fileRef = 3ED0E4EA2E5E3F6E00D2965E /* OnboardingView.swift */; };
		3ED0E5372E5E3F6E00D2965E /* AuthenticationModel.swift in Sources */ = {isa = PBXBuildFile; fileRef = 3ED0E4AC2E5E3F6E00D2965E /* AuthenticationModel.swift */; };
		3ED0E5382E5E3F6E00D2965E /* DonationManager.swift in Sources */ = {isa = PBXBuildFile; fileRef = 3ED0E4AE2E5E3F6E00D2965E /* DonationManager.swift */; };
		3ED0E5392E5E3F6E00D2965E /* PremiumFeatureView.swift in Sources */ = {isa = PBXBuildFile; fileRef = 3ED0E4C42E5E3F6E00D2965E /* PremiumFeatureView.swift */; };
		3ED0E53A2E5E3F6E00D2965E /* ImageSelectionView.swift in Sources */ = {isa = PBXBuildFile; fileRef = 3ED0E4BF2E5E3F6E00D2965E /* ImageSelectionView.swift */; };
		3ED0E53B2E5E3F6E00D2965E /* NoteEditorViewModel.swift in Sources */ = {isa = PBXBuildFile; fileRef = 3ED0E4DB2E5E3F6E00D2965E /* NoteEditorViewModel.swift */; };
		3ED0E53C2E5E3F6E00D2965E /* WeatherPicker.swift in Sources */ = {isa = PBXBuildFile; fileRef = 3ED0E49E2E5E3F6E00D2965E /* WeatherPicker.swift */; };
		3ED0E53D2E5E3F6E00D2965E /* SyncControlView.swift in Sources */ = {isa = PBXBuildFile; fileRef = 3ED0E4EE2E5E3F6E00D2965E /* SyncControlView.swift */; };
		3ED0E53E2E5E3F6E00D2965E /* TutorialConcurrency.swift in Sources */ = {isa = PBXBuildFile; fileRef = 3ED0E4B92E5E3F6E00D2965E /* TutorialConcurrency.swift */; };
		3ED0E53F2E5E3F6E00D2965E /* SettingsView.swift in Sources */ = {isa = PBXBuildFile; fileRef = 3ED0E4DF2E5E3F6E00D2965E /* SettingsView.swift */; };
		3ED0E5402E5E3F6E00D2965E /* BubbleMenuView.swift in Sources */ = {isa = PBXBuildFile; fileRef = 3ED0E4BC2E5E3F6E00D2965E /* BubbleMenuView.swift */; };
		3ED0E5412E5E3F6E00D2965E /* LikeModel.swift in Sources */ = {isa = PBXBuildFile; fileRef = 3ED0E4A22E5E3F6E00D2965E /* LikeModel.swift */; };
		3ED0E5422E5E3F6E00D2965E /* RichNoteEditorView.swift in Sources */ = {isa = PBXBuildFile; fileRef = 3ED0E4EB2E5E3F6E00D2965E /* RichNoteEditorView.swift */; };
		3ED0E5432E5E3F6E00D2965E /* LocationPicker.swift in Sources */ = {isa = PBXBuildFile; fileRef = 3ED0E49D2E5E3F6E00D2965E /* LocationPicker.swift */; };
		3ED0E5442E5E3F6E00D2965E /* NewUserProfileView.swift in Sources */ = {isa = PBXBuildFile; fileRef = 3ED0E4CF2E5E3F6E00D2965E /* NewUserProfileView.swift */; };
		3ED0E5452E5E3F6E00D2965E /* AttributedTextView.swift in Sources */ = {isa = PBXBuildFile; fileRef = 3ED0E4BB2E5E3F6E00D2965E /* AttributedTextView.swift */; };
		3ED0E5462E5E3F6E00D2965E /* Assets.xcassets in Resources */ = {isa = PBXBuildFile; fileRef = 3ED0E4F12E5E3F6E00D2965E /* Assets.xcassets */; };
		3ED0E5472E5E3F6E00D2965E /* smiley.json in Resources */ = {isa = PBXBuildFile; fileRef = 3ED0E4E02E5E3F6E00D2965E /* smiley.json */; };
		3ED0E5482E5E3F6E00D2965E /* StoreKitConfiguration.storekit in Resources */ = {isa = PBXBuildFile; fileRef = 3ED0E4F62E5E3F6E00D2965E /* StoreKitConfiguration.storekit */; };
		3EDAA28C2D80A18D00CC0F91 /* TestPlan.xctestplan in Resources */ = {isa = PBXBuildFile; fileRef = 3EDAA28B2D80A18D00CC0F91 /* TestPlan.xctestplan */; };
/* End PBXBuildFile section */

/* Begin PBXContainerItemProxy section */
		3EDAA2952D80A20600CC0F91 /* PBXContainerItemProxy */ = {
			isa = PBXContainerItemProxy;
			containerPortal = 3ED060252C4EE7ED00392BDC /* Project object */;
			proxyType = 1;
			remoteGlobalIDString = 3ED0602C2C4EE7ED00392BDC;
			remoteInfo = "Ecrivez-local";
		};
/* End PBXContainerItemProxy section */

/* Begin PBXFileReference section */
		3E252DA52CEBAB390053506C /* screenshot.png */ = {isa = PBXFileReference; lastKnownFileType = image.png; path = screenshot.png; sourceTree = "<group>"; };
		3E252DA72CEBAC160053506C /* screenshot-1.png */ = {isa = PBXFileReference; lastKnownFileType = image.png; path = "screenshot-1.png"; sourceTree = "<group>"; };
		3E7B743E2CC5467800569AE7 /* Model.xcdatamodel */ = {isa = PBXFileReference; lastKnownFileType = wrapper.xcdatamodel; path = Model.xcdatamodel; sourceTree = "<group>"; };
		3E7B744A2CCD9F2400569AE7 /* README.md */ = {isa = PBXFileReference; lastKnownFileType = net.daringfireball.markdown; path = README.md; sourceTree = "<group>"; };
		3ED0602D2C4EE7ED00392BDC /* Ecrivez-local.app */ = {isa = PBXFileReference; explicitFileType = wrapper.application; includeInIndex = 0; path = "Ecrivez-local.app"; sourceTree = BUILT_PRODUCTS_DIR; };
		3ED0E49B2E5E3F6E00D2965E /* DateView.swift */ = {isa = PBXFileReference; lastKnownFileType = sourcecode.swift; path = DateView.swift; sourceTree = "<group>"; };
		3ED0E49C2E5E3F6E00D2965E /* ImagePicker.swift */ = {isa = PBXFileReference; lastKnownFileType = sourcecode.swift; path = ImagePicker.swift; sourceTree = "<group>"; };
		3ED0E49D2E5E3F6E00D2965E /* LocationPicker.swift */ = {isa = PBXFileReference; lastKnownFileType = sourcecode.swift; path = LocationPicker.swift; sourceTree = "<group>"; };
		3ED0E49E2E5E3F6E00D2965E /* WeatherPicker.swift */ = {isa = PBXFileReference; lastKnownFileType = sourcecode.swift; path = WeatherPicker.swift; sourceTree = "<group>"; };
		3ED0E4A02E5E3F6E00D2965E /* Category.swift */ = {isa = PBXFileReference; lastKnownFileType = sourcecode.swift; path = Category.swift; sourceTree = "<group>"; };
		3ED0E4A12E5E3F6E00D2965E /* CommentModel.swift */ = {isa = PBXFileReference; lastKnownFileType = sourcecode.swift; path = CommentModel.swift; sourceTree = "<group>"; };
		3ED0E4A22E5E3F6E00D2965E /* LikeModel.swift */ = {isa = PBXFileReference; lastKnownFileType = sourcecode.swift; path = LikeModel.swift; sourceTree = "<group>"; };
		3ED0E4A32E5E3F6E00D2965E /* Note.swift */ = {isa = PBXFileReference; lastKnownFileType = sourcecode.swift; path = Note.swift; sourceTree = "<group>"; };
		3ED0E4A42E5E3F6E00D2965E /* Profile.swift */ = {isa = PBXFileReference; lastKnownFileType = sourcecode.swift; path = Profile.swift; sourceTree = "<group>"; };
		3ED0E4A52E5E3F6E00D2965E /* SupabaseNote.swift */ = {isa = PBXFileReference; lastKnownFileType = sourcecode.swift; path = SupabaseNote.swift; sourceTree = "<group>"; };
		3ED0E4A62E5E3F6E00D2965E /* UserSettings.swift */ = {isa = PBXFileReference; lastKnownFileType = sourcecode.swift; path = UserSettings.swift; sourceTree = "<group>"; };
		3ED0E4A92E5E3F6E00D2965E /* CategoryUUIDGenerator.swift */ = {isa = PBXFileReference; lastKnownFileType = sourcecode.swift; path = CategoryUUIDGenerator.swift; sourceTree = "<group>"; };
		3ED0E4AC2E5E3F6E00D2965E /* AuthenticationModel.swift */ = {isa = PBXFileReference; lastKnownFileType = sourcecode.swift; path = AuthenticationModel.swift; sourceTree = "<group>"; };
		3ED0E4AD2E5E3F6E00D2965E /* CoreDataManager.swift */ = {isa = PBXFileReference; lastKnownFileType = sourcecode.swift; path = CoreDataManager.swift; sourceTree = "<group>"; };
		3ED0E4AE2E5E3F6E00D2965E /* DonationManager.swift */ = {isa = PBXFileReference; lastKnownFileType = sourcecode.swift; path = DonationManager.swift; sourceTree = "<group>"; };
		3ED0E4AF2E5E3F6E00D2965E /* LocationManager.swift */ = {isa = PBXFileReference; lastKnownFileType = sourcecode.swift; path = LocationManager.swift; sourceTree = "<group>"; };
		3ED0E4B02E5E3F6E00D2965E /* LocationSearchViewModel.swift */ = {isa = PBXFileReference; lastKnownFileType = sourcecode.swift; path = LocationSearchViewModel.swift; sourceTree = "<group>"; };
		3ED0E4B12E5E3F6E00D2965E /* NotificationManager.swift */ = {isa = PBXFileReference; lastKnownFileType = sourcecode.swift; path = NotificationManager.swift; sourceTree = "<group>"; };
		3ED0E4B22E5E3F6E00D2965E /* NotificationMessageProvider.swift */ = {isa = PBXFileReference; lastKnownFileType = sourcecode.swift; path = NotificationMessageProvider.swift; sourceTree = "<group>"; };
		3ED0E4B32E5E3F6E00D2965E /* PremiumManager.swift */ = {isa = PBXFileReference; lastKnownFileType = sourcecode.swift; path = PremiumManager.swift; sourceTree = "<group>"; };
		3ED0E4B42E5E3F6E00D2965E /* StorageManager.swift */ = {isa = PBXFileReference; lastKnownFileType = sourcecode.swift; path = StorageManager.swift; sourceTree = "<group>"; };
		3ED0E4B52E5E3F6E00D2965E /* StyleManager.swift */ = {isa = PBXFileReference; lastKnownFileType = sourcecode.swift; path = StyleManager.swift; sourceTree = "<group>"; };
		3ED0E4B62E5E3F6E00D2965E /* SupabaseManager.swift */ = {isa = PBXFileReference; lastKnownFileType = sourcecode.swift; path = SupabaseManager.swift; sourceTree = "<group>"; };
		3ED0E4B72E5E3F6E00D2965E /* SyncedNote.swift */ = {isa = PBXFileReference; lastKnownFileType = sourcecode.swift; path = SyncedNote.swift; sourceTree = "<group>"; };
		3ED0E4B82E5E3F6E00D2965E /* SyncManager.swift */ = {isa = PBXFileReference; lastKnownFileType = sourcecode.swift; path = SyncManager.swift; sourceTree = "<group>"; };
		3ED0E4B92E5E3F6E00D2965E /* TutorialConcurrency.swift */ = {isa = PBXFileReference; lastKnownFileType = sourcecode.swift; path = TutorialConcurrency.swift; sourceTree = "<group>"; };
		3ED0E4BB2E5E3F6E00D2965E /* AttributedTextView.swift */ = {isa = PBXFileReference; lastKnownFileType = sourcecode.swift; path = AttributedTextView.swift; sourceTree = "<group>"; };
		3ED0E4BC2E5E3F6E00D2965E /* BubbleMenuView.swift */ = {isa = PBXFileReference; lastKnownFileType = sourcecode.swift; path = BubbleMenuView.swift; sourceTree = "<group>"; };
		3ED0E4BD2E5E3F6E00D2965E /* EnhancedCategorySelectionView.swift */ = {isa = PBXFileReference; lastKnownFileType = sourcecode.swift; path = EnhancedCategorySelectionView.swift; sourceTree = "<group>"; };
		3ED0E4BE2E5E3F6E00D2965E /* EnhancedUIComponents.swift */ = {isa = PBXFileReference; lastKnownFileType = sourcecode.swift; path = EnhancedUIComponents.swift; sourceTree = "<group>"; };
		3ED0E4BF2E5E3F6E00D2965E /* ImageSelectionView.swift */ = {isa = PBXFileReference; lastKnownFileType = sourcecode.swift; path = ImageSelectionView.swift; sourceTree = "<group>"; };
		3ED0E4C02E5E3F6E00D2965E /* LocationAddressViewModel.swift */ = {isa = PBXFileReference; lastKnownFileType = sourcecode.swift; path = LocationAddressViewModel.swift; sourceTree = "<group>"; };
		3ED0E4C12E5E3F6E00D2965E /* NoteMetadataView.swift */ = {isa = PBXFileReference; lastKnownFileType = sourcecode.swift; path = NoteMetadataView.swift; sourceTree = "<group>"; };
		3ED0E4C22E5E3F6E00D2965E /* NoteView.swift */ = {isa = PBXFileReference; lastKnownFileType = sourcecode.swift; path = NoteView.swift; sourceTree = "<group>"; };
		3ED0E4C32E5E3F6E00D2965E /* NotificationPermissionStatus.swift */ = {isa = PBXFileReference; lastKnownFileType = sourcecode.swift; path = NotificationPermissionStatus.swift; sourceTree = "<group>"; };
		3ED0E4C42E5E3F6E00D2965E /* PremiumFeatureView.swift */ = {isa = PBXFileReference; lastKnownFileType = sourcecode.swift; path = PremiumFeatureView.swift; sourceTree = "<group>"; };
		3ED0E4C52E5E3F6E00D2965E /* PrivacyToggleView.swift */ = {isa = PBXFileReference; lastKnownFileType = sourcecode.swift; path = PrivacyToggleView.swift; sourceTree = "<group>"; };
		3ED0E4C62E5E3F6E00D2965E /* ToastModifier.swift */ = {isa = PBXFileReference; lastKnownFileType = sourcecode.swift; path = ToastModifier.swift; sourceTree = "<group>"; };
		3ED0E4C82E5E3F6E00D2965E /* CommentRowView.swift */ = {isa = PBXFileReference; lastKnownFileType = sourcecode.swift; path = CommentRowView.swift; sourceTree = "<group>"; };
		3ED0E4C92E5E3F6E00D2965E /* FeedView.swift */ = {isa = PBXFileReference; lastKnownFileType = sourcecode.swift; path = FeedView.swift; sourceTree = "<group>"; };
		3ED0E4CA2E5E3F6E00D2965E /* MyPublicNotesView.swift */ = {isa = PBXFileReference; lastKnownFileType = sourcecode.swift; path = MyPublicNotesView.swift; sourceTree = "<group>"; };
		3ED0E4CB2E5E3F6E00D2965E /* PublicNoteDetailView.swift */ = {isa = PBXFileReference; lastKnownFileType = sourcecode.swift; path = PublicNoteDetailView.swift; sourceTree = "<group>"; };
		3ED0E4CC2E5E3F6E00D2965E /* PublicNoteView.swift */ = {isa = PBXFileReference; lastKnownFileType = sourcecode.swift; path = PublicNoteView.swift; sourceTree = "<group>"; };
		3ED0E4CE2E5E3F6E00D2965E /* AuthenticationView.swift */ = {isa = PBXFileReference; lastKnownFileType = sourcecode.swift; path = AuthenticationView.swift; sourceTree = "<group>"; };
		3ED0E4CF2E5E3F6E00D2965E /* NewUserProfileView.swift */ = {isa = PBXFileReference; lastKnownFileType = sourcecode.swift; path = NewUserProfileView.swift; sourceTree = "<group>"; };
		3ED0E4D02E5E3F6E00D2965E /* ProfileView.swift */ = {isa = PBXFileReference; lastKnownFileType = sourcecode.swift; path = ProfileView.swift; sourceTree = "<group>"; };
		3ED0E4D12E5E3F6E00D2965E /* UserView.swift */ = {isa = PBXFileReference; lastKnownFileType = sourcecode.swift; path = UserView.swift; sourceTree = "<group>"; };
		3ED0E4D32E5E3F6E00D2965E /* CategoryEditorListView.swift */ = {isa = PBXFileReference; lastKnownFileType = sourcecode.swift; path = CategoryEditorListView.swift; sourceTree = "<group>"; };
		3ED0E4D42E5E3F6E00D2965E /* CategoryEditorView.swift */ = {isa = PBXFileReference; lastKnownFileType = sourcecode.swift; path = CategoryEditorView.swift; sourceTree = "<group>"; };
		3ED0E4D52E5E3F6E00D2965E /* CheckEmailView.swift */ = {isa = PBXFileReference; lastKnownFileType = sourcecode.swift; path = CheckEmailView.swift; sourceTree = "<group>"; };
		3ED0E4D62E5E3F6E00D2965E /* ContentView.swift */ = {isa = PBXFileReference; lastKnownFileType = sourcecode.swift; path = ContentView.swift; sourceTree = "<group>"; };
		3ED0E4D72E5E3F6E00D2965E /* DonationView.swift */ = {isa = PBXFileReference; lastKnownFileType = sourcecode.swift; path = DonationView.swift; sourceTree = "<group>"; };
		3ED0E4D82E5E3F6E00D2965E /* EditorPreferencesView.swift */ = {isa = PBXFileReference; lastKnownFileType = sourcecode.swift; path = EditorPreferencesView.swift; sourceTree = "<group>"; };
		3ED0E4D92E5E3F6E00D2965E /* LocationView.swift */ = {isa = PBXFileReference; lastKnownFileType = sourcecode.swift; path = LocationView.swift; sourceTree = "<group>"; };
		3ED0E4DA2E5E3F6E00D2965E /* NoteEditorView.swift */ = {isa = PBXFileReference; lastKnownFileType = sourcecode.swift; path = NoteEditorView.swift; sourceTree = "<group>"; };
		3ED0E4DB2E5E3F6E00D2965E /* NoteEditorViewModel.swift */ = {isa = PBXFileReference; lastKnownFileType = sourcecode.swift; path = NoteEditorViewModel.swift; sourceTree = "<group>"; };
		3ED0E4DC2E5E3F6E00D2965E /* PaywallView.swift */ = {isa = PBXFileReference; lastKnownFileType = sourcecode.swift; path = PaywallView.swift; sourceTree = "<group>"; };
		3ED0E4DD2E5E3F6E00D2965E /* PrivacySettingsView.swift */ = {isa = PBXFileReference; lastKnownFileType = sourcecode.swift; path = PrivacySettingsView.swift; sourceTree = "<group>"; };
		3ED0E4DE2E5E3F6E00D2965E /* RegistrationView.swift */ = {isa = PBXFileReference; lastKnownFileType = sourcecode.swift; path = RegistrationView.swift; sourceTree = "<group>"; };
		3ED0E4DF2E5E3F6E00D2965E /* SettingsView.swift */ = {isa = PBXFileReference; lastKnownFileType = sourcecode.swift; path = SettingsView.swift; sourceTree = "<group>"; };
		3ED0E4E02E5E3F6E00D2965E /* smiley.json */ = {isa = PBXFileReference; lastKnownFileType = text.json; path = smiley.json; sourceTree = "<group>"; };
		3ED0E4E12E5E3F6E00D2965E /* Untitled.swift */ = {isa = PBXFileReference; lastKnownFileType = sourcecode.swift; path = Untitled.swift; sourceTree = "<group>"; };
		3ED0E4E32E5E3F6E00D2965E /* DateBar.swift */ = {isa = PBXFileReference; lastKnownFileType = sourcecode.swift; path = DateBar.swift; sourceTree = "<group>"; };
		3ED0E4E42E5E3F6E00D2965E /* LocationBar.swift */ = {isa = PBXFileReference; lastKnownFileType = sourcecode.swift; path = LocationBar.swift; sourceTree = "<group>"; };
		3ED0E4E52E5E3F6E00D2965E /* MapView.swift */ = {isa = PBXFileReference; lastKnownFileType = sourcecode.swift; path = MapView.swift; sourceTree = "<group>"; };
		3ED0E4E62E5E3F6E00D2965E /* WeatherBar.swift */ = {isa = PBXFileReference; lastKnownFileType = sourcecode.swift; path = WeatherBar.swift; sourceTree = "<group>"; };
		3ED0E4E82E5E3F6E00D2965E /* OnboardingComponents.swift */ = {isa = PBXFileReference; lastKnownFileType = sourcecode.swift; path = OnboardingComponents.swift; sourceTree = "<group>"; };
		3ED0E4E92E5E3F6E00D2965E /* OnboardingCoordinator.swift */ = {isa = PBXFileReference; lastKnownFileType = sourcecode.swift; path = OnboardingCoordinator.swift; sourceTree = "<group>"; };
		3ED0E4EA2E5E3F6E00D2965E /* OnboardingView.swift */ = {isa = PBXFileReference; lastKnownFileType = sourcecode.swift; path = OnboardingView.swift; sourceTree = "<group>"; };
		3ED0E4EB2E5E3F6E00D2965E /* RichNoteEditorView.swift */ = {isa = PBXFileReference; lastKnownFileType = sourcecode.swift; path = RichNoteEditorView.swift; sourceTree = "<group>"; };
		3ED0E4EC2E5E3F6E00D2965E /* RichTextView.swift */ = {isa = PBXFileReference; lastKnownFileType = sourcecode.swift; path = RichTextView.swift; sourceTree = "<group>"; };
		3ED0E4ED2E5E3F6E00D2965E /* SuggestedFeature.swift */ = {isa = PBXFileReference; lastKnownFileType = sourcecode.swift; path = SuggestedFeature.swift; sourceTree = "<group>"; };
		3ED0E4EE2E5E3F6E00D2965E /* SyncControlView.swift */ = {isa = PBXFileReference; lastKnownFileType = sourcecode.swift; path = SyncControlView.swift; sourceTree = "<group>"; };
		3ED0E4EF2E5E3F6E00D2965E /* TooltipModifier.swift */ = {isa = PBXFileReference; lastKnownFileType = sourcecode.swift; path = TooltipModifier.swift; sourceTree = "<group>"; };
		3ED0E4F12E5E3F6E00D2965E /* Assets.xcassets */ = {isa = PBXFileReference; lastKnownFileType = folder.assetcatalog; path = Assets.xcassets; sourceTree = "<group>"; };
		3ED0E4F22E5E3F6E00D2965E /* Ecrivez-localRelease.entitlements */ = {isa = PBXFileReference; lastKnownFileType = text.plist.entitlements; path = "Ecrivez-localRelease.entitlements"; sourceTree = "<group>"; };
		3ED0E4F32E5E3F6E00D2965E /* Info.plist */ = {isa = PBXFileReference; lastKnownFileType = text.plist.xml; path = Info.plist; sourceTree = "<group>"; };
		3ED0E4F42E5E3F6E00D2965E /* NoteApp.swift */ = {isa = PBXFileReference; lastKnownFileType = sourcecode.swift; path = NoteApp.swift; sourceTree = "<group>"; };
		3ED0E4F52E5E3F6E00D2965E /* NoteRepository.swift */ = {isa = PBXFileReference; lastKnownFileType = sourcecode.swift; path = NoteRepository.swift; sourceTree = "<group>"; };
		3ED0E4F62E5E3F6E00D2965E /* StoreKitConfiguration.storekit */ = {isa = PBXFileReference; lastKnownFileType = text; path = StoreKitConfiguration.storekit; sourceTree = "<group>"; };
		3ED0E4F72E5E3F6E00D2965E /* Tables.swift */ = {isa = PBXFileReference; lastKnownFileType = sourcecode.swift; path = Tables.swift; sourceTree = "<group>"; };
		3EDAA28B2D80A18D00CC0F91 /* TestPlan.xctestplan */ = {isa = PBXFileReference; lastKnownFileType = text; path = TestPlan.xctestplan; sourceTree = "<group>"; };
		3EDAA2912D80A20600CC0F91 /* Write-It-Down-localTests.xctest */ = {isa = PBXFileReference; explicitFileType = wrapper.cfbundle; includeInIndex = 0; path = "Write-It-Down-localTests.xctest"; sourceTree = BUILT_PRODUCTS_DIR; };
/* End PBXFileReference section */

/* Begin PBXFileSystemSynchronizedRootGroup section */
		3EDAA2922D80A20600CC0F91 /* Write-It-Down-localTests */ = {isa = PBXFileSystemSynchronizedRootGroup; explicitFileTypes = {}; explicitFolders = (); path = "Write-It-Down-localTests"; sourceTree = "<group>"; };
/* End PBXFileSystemSynchronizedRootGroup section */

/* Begin PBXFrameworksBuildPhase section */
		3ED0602A2C4EE7ED00392BDC /* Frameworks */ = {
			isa = PBXFrameworksBuildPhase;
			buildActionMask = 2147483647;
			files = (
				3E730C3C2D15471D00FCD000 /* Supabase in Frameworks */,
				3E730C3A2D15471D00FCD000 /* Storage in Frameworks */,
				3EC75B872D55AD5D00A4605A /* Lottie in Frameworks */,
				3E730C362D15471D00FCD000 /* PostgREST in Frameworks */,
				3E730C342D15471D00FCD000 /* Functions in Frameworks */,
				3E730C322D15471D00FCD000 /* Auth in Frameworks */,
				3E730C382D15471D00FCD000 /* Realtime in Frameworks */,
				3E730C2F2D15441200FCD000 /* RichTextKit in Frameworks */,
			);
			runOnlyForDeploymentPostprocessing = 0;
		};
		3EDAA28E2D80A20600CC0F91 /* Frameworks */ = {
			isa = PBXFrameworksBuildPhase;
			buildActionMask = 2147483647;
			files = (
			);
			runOnlyForDeploymentPostprocessing = 0;
		};
/* End PBXFrameworksBuildPhase section */

/* Begin PBXGroup section */
		3ED060242C4EE7ED00392BDC = {
			isa = PBXGroup;
			children = (
				3ED0E4F82E5E3F6E00D2965E /* Ecrivez-local */,
				3EDAA28B2D80A18D00CC0F91 /* TestPlan.xctestplan */,
				3E7B744A2CCD9F2400569AE7 /* README.md */,
				3E252DA72CEBAC160053506C /* screenshot-1.png */,
				3E252DA52CEBAB390053506C /* screenshot.png */,
				3E7B743D2CC5467800569AE7 /* Model.xcdatamodeld */,
				3EDAA2922D80A20600CC0F91 /* Write-It-Down-localTests */,
				3ED0602E2C4EE7ED00392BDC /* Products */,
			);
			sourceTree = "<group>";
		};
		3ED0602E2C4EE7ED00392BDC /* Products */ = {
			isa = PBXGroup;
			children = (
				3ED0602D2C4EE7ED00392BDC /* Ecrivez-local.app */,
				3EDAA2912D80A20600CC0F91 /* Write-It-Down-localTests.xctest */,
			);
			name = Products;
			sourceTree = "<group>";
		};
		3ED0E49F2E5E3F6E00D2965E /* Components */ = {
			isa = PBXGroup;
			children = (
				3ED0E49B2E5E3F6E00D2965E /* DateView.swift */,
				3ED0E49C2E5E3F6E00D2965E /* ImagePicker.swift */,
				3ED0E49D2E5E3F6E00D2965E /* LocationPicker.swift */,
				3ED0E49E2E5E3F6E00D2965E /* WeatherPicker.swift */,
			);
			path = Components;
			sourceTree = "<group>";
		};
		3ED0E4A72E5E3F6E00D2965E /* Models */ = {
			isa = PBXGroup;
			children = (
				3ED0E4A02E5E3F6E00D2965E /* Category.swift */,
				3ED0E4A12E5E3F6E00D2965E /* CommentModel.swift */,
				3ED0E4A22E5E3F6E00D2965E /* LikeModel.swift */,
				3ED0E4A32E5E3F6E00D2965E /* Note.swift */,
				3ED0E4A42E5E3F6E00D2965E /* Profile.swift */,
				3ED0E4A52E5E3F6E00D2965E /* SupabaseNote.swift */,
				3ED0E4A62E5E3F6E00D2965E /* UserSettings.swift */,
			);
			path = Models;
			sourceTree = "<group>";
		};
		3ED0E4A82E5E3F6E00D2965E /* Preview Content */ = {
			isa = PBXGroup;
			children = (
			);
			path = "Preview Content";
			sourceTree = "<group>";
		};
		3ED0E4AB2E5E3F6E00D2965E /* Utils */ = {
			isa = PBXGroup;
			children = (
				3ED0E4A92E5E3F6E00D2965E /* CategoryUUIDGenerator.swift */,
			);
			path = Utils;
			sourceTree = "<group>";
		};
		3ED0E4BA2E5E3F6E00D2965E /* ViewModels */ = {
			isa = PBXGroup;
			children = (
				3ED0E4AC2E5E3F6E00D2965E /* AuthenticationModel.swift */,
				3ED0E4AD2E5E3F6E00D2965E /* CoreDataManager.swift */,
				3ED0E4AE2E5E3F6E00D2965E /* DonationManager.swift */,
				3ED0E4AF2E5E3F6E00D2965E /* LocationManager.swift */,
				3ED0E4B02E5E3F6E00D2965E /* LocationSearchViewModel.swift */,
				3ED0E4B12E5E3F6E00D2965E /* NotificationManager.swift */,
				3ED0E4B22E5E3F6E00D2965E /* NotificationMessageProvider.swift */,
				3ED0E4B32E5E3F6E00D2965E /* PremiumManager.swift */,
				3ED0E4B42E5E3F6E00D2965E /* StorageManager.swift */,
				3ED0E4B52E5E3F6E00D2965E /* StyleManager.swift */,
				3ED0E4B62E5E3F6E00D2965E /* SupabaseManager.swift */,
				3ED0E4B72E5E3F6E00D2965E /* SyncedNote.swift */,
				3ED0E4B82E5E3F6E00D2965E /* SyncManager.swift */,
				3ED0E4B92E5E3F6E00D2965E /* TutorialConcurrency.swift */,
			);
			path = ViewModels;
			sourceTree = "<group>";
		};
		3ED0E4C72E5E3F6E00D2965E /* Components */ = {
			isa = PBXGroup;
			children = (
				3ED0E4BB2E5E3F6E00D2965E /* AttributedTextView.swift */,
				3ED0E4BC2E5E3F6E00D2965E /* BubbleMenuView.swift */,
				3ED0E4BD2E5E3F6E00D2965E /* EnhancedCategorySelectionView.swift */,
				3ED0E4BE2E5E3F6E00D2965E /* EnhancedUIComponents.swift */,
				3ED0E4BF2E5E3F6E00D2965E /* ImageSelectionView.swift */,
				3ED0E4C02E5E3F6E00D2965E /* LocationAddressViewModel.swift */,
				3ED0E4C12E5E3F6E00D2965E /* NoteMetadataView.swift */,
				3ED0E4C22E5E3F6E00D2965E /* NoteView.swift */,
				3ED0E4C32E5E3F6E00D2965E /* NotificationPermissionStatus.swift */,
				3ED0E4C42E5E3F6E00D2965E /* PremiumFeatureView.swift */,
				3ED0E4C52E5E3F6E00D2965E /* PrivacyToggleView.swift */,
				3ED0E4C62E5E3F6E00D2965E /* ToastModifier.swift */,
			);
			path = Components;
			sourceTree = "<group>";
		};
		3ED0E4CD2E5E3F6E00D2965E /* Feed */ = {
			isa = PBXGroup;
			children = (
				3ED0E4C82E5E3F6E00D2965E /* CommentRowView.swift */,
				3ED0E4C92E5E3F6E00D2965E /* FeedView.swift */,
				3ED0E4CA2E5E3F6E00D2965E /* MyPublicNotesView.swift */,
				3ED0E4CB2E5E3F6E00D2965E /* PublicNoteDetailView.swift */,
				3ED0E4CC2E5E3F6E00D2965E /* PublicNoteView.swift */,
			);
			path = Feed;
			sourceTree = "<group>";
		};
		3ED0E4D22E5E3F6E00D2965E /* Registration */ = {
			isa = PBXGroup;
			children = (
				3ED0E4CE2E5E3F6E00D2965E /* AuthenticationView.swift */,
				3ED0E4CF2E5E3F6E00D2965E /* NewUserProfileView.swift */,
				3ED0E4D02E5E3F6E00D2965E /* ProfileView.swift */,
				3ED0E4D12E5E3F6E00D2965E /* UserView.swift */,
			);
			path = Registration;
			sourceTree = "<group>";
		};
		3ED0E4E22E5E3F6E00D2965E /* Screens */ = {
			isa = PBXGroup;
			children = (
				3ED0E4CD2E5E3F6E00D2965E /* Feed */,
				3ED0E4D22E5E3F6E00D2965E /* Registration */,
				3ED0E4D32E5E3F6E00D2965E /* CategoryEditorListView.swift */,
				3ED0E4D42E5E3F6E00D2965E /* CategoryEditorView.swift */,
				3ED0E4D52E5E3F6E00D2965E /* CheckEmailView.swift */,
				3ED0E4D62E5E3F6E00D2965E /* ContentView.swift */,
				3ED0E4D72E5E3F6E00D2965E /* DonationView.swift */,
				3ED0E4D82E5E3F6E00D2965E /* EditorPreferencesView.swift */,
				3ED0E4D92E5E3F6E00D2965E /* LocationView.swift */,
				3ED0E4DA2E5E3F6E00D2965E /* NoteEditorView.swift */,
				3ED0E4DB2E5E3F6E00D2965E /* NoteEditorViewModel.swift */,
				3ED0E4DC2E5E3F6E00D2965E /* PaywallView.swift */,
				3ED0E4DD2E5E3F6E00D2965E /* PrivacySettingsView.swift */,
				3ED0E4DE2E5E3F6E00D2965E /* RegistrationView.swift */,
				3ED0E4DF2E5E3F6E00D2965E /* SettingsView.swift */,
				3ED0E4E02E5E3F6E00D2965E /* smiley.json */,
				3ED0E4E12E5E3F6E00D2965E /* Untitled.swift */,
			);
			path = Screens;
			sourceTree = "<group>";
		};
		3ED0E4E72E5E3F6E00D2965E /* Utils */ = {
			isa = PBXGroup;
			children = (
				3ED0E4E32E5E3F6E00D2965E /* DateBar.swift */,
				3ED0E4E42E5E3F6E00D2965E /* LocationBar.swift */,
				3ED0E4E52E5E3F6E00D2965E /* MapView.swift */,
				3ED0E4E62E5E3F6E00D2965E /* WeatherBar.swift */,
			);
			path = Utils;
			sourceTree = "<group>";
		};
		3ED0E4F02E5E3F6E00D2965E /* Views */ = {
			isa = PBXGroup;
			children = (
				3ED0E4C72E5E3F6E00D2965E /* Components */,
				3ED0E4E22E5E3F6E00D2965E /* Screens */,
				3ED0E4E72E5E3F6E00D2965E /* Utils */,
				3ED0E4E82E5E3F6E00D2965E /* OnboardingComponents.swift */,
				3ED0E4E92E5E3F6E00D2965E /* OnboardingCoordinator.swift */,
				3ED0E4EA2E5E3F6E00D2965E /* OnboardingView.swift */,
				3ED0E4EB2E5E3F6E00D2965E /* RichNoteEditorView.swift */,
				3ED0E4EC2E5E3F6E00D2965E /* RichTextView.swift */,
				3ED0E4ED2E5E3F6E00D2965E /* SuggestedFeature.swift */,
				3ED0E4EE2E5E3F6E00D2965E /* SyncControlView.swift */,
				3ED0E4EF2E5E3F6E00D2965E /* TooltipModifier.swift */,
			);
			path = Views;
			sourceTree = "<group>";
		};
		3ED0E4F82E5E3F6E00D2965E /* Ecrivez-local */ = {
			isa = PBXGroup;
			children = (
				3ED0E49F2E5E3F6E00D2965E /* Components */,
				3ED0E4A72E5E3F6E00D2965E /* Models */,
				3ED0E4A82E5E3F6E00D2965E /* Preview Content */,
				3ED0E4AB2E5E3F6E00D2965E /* Utils */,
				3ED0E4BA2E5E3F6E00D2965E /* ViewModels */,
				3ED0E4F02E5E3F6E00D2965E /* Views */,
				3ED0E4F12E5E3F6E00D2965E /* Assets.xcassets */,
				3ED0E4F22E5E3F6E00D2965E /* Ecrivez-localRelease.entitlements */,
				3ED0E4F32E5E3F6E00D2965E /* Info.plist */,
				3ED0E4F42E5E3F6E00D2965E /* NoteApp.swift */,
				3ED0E4F52E5E3F6E00D2965E /* NoteRepository.swift */,
				3ED0E4F62E5E3F6E00D2965E /* StoreKitConfiguration.storekit */,
				3ED0E4F72E5E3F6E00D2965E /* Tables.swift */,
			);
			path = "Ecrivez-local";
			sourceTree = "<group>";
		};
/* End PBXGroup section */

/* Begin PBXNativeTarget section */
		3ED0602C2C4EE7ED00392BDC /* Ecrivez-local */ = {
			isa = PBXNativeTarget;
			buildConfigurationList = 3ED0603B2C4EE7EF00392BDC /* Build configuration list for PBXNativeTarget "Ecrivez-local" */;
			buildPhases = (
				3ED060292C4EE7ED00392BDC /* Sources */,
				3ED0602A2C4EE7ED00392BDC /* Frameworks */,
				3ED0602B2C4EE7ED00392BDC /* Resources */,
			);
			buildRules = (
			);
			dependencies = (
			);
			name = "Ecrivez-local";
			productName = "Ecrivez-local";
			productReference = 3ED0602D2C4EE7ED00392BDC /* Ecrivez-local.app */;
			productType = "com.apple.product-type.application";
		};
		3EDAA2902D80A20600CC0F91 /* Write-It-Down-localTests */ = {
			isa = PBXNativeTarget;
			buildConfigurationList = 3EDAA2972D80A20600CC0F91 /* Build configuration list for PBXNativeTarget "Write-It-Down-localTests" */;
			buildPhases = (
				3EDAA28D2D80A20600CC0F91 /* Sources */,
				3EDAA28E2D80A20600CC0F91 /* Frameworks */,
				3EDAA28F2D80A20600CC0F91 /* Resources */,
			);
			buildRules = (
			);
			dependencies = (
				3EDAA2962D80A20600CC0F91 /* PBXTargetDependency */,
			);
			fileSystemSynchronizedGroups = (
				3EDAA2922D80A20600CC0F91 /* Write-It-Down-localTests */,
			);
			name = "Write-It-Down-localTests";
			productName = "Write-It-Down-localTests";
			productReference = 3EDAA2912D80A20600CC0F91 /* Write-It-Down-localTests.xctest */;
			productType = "com.apple.product-type.bundle.unit-test";
		};
/* End PBXNativeTarget section */

/* Begin PBXProject section */
		3ED060252C4EE7ED00392BDC /* Project object */ = {
			isa = PBXProject;
			attributes = {
				BuildIndependentTargetsInParallel = 1;
				LastSwiftUpdateCheck = 1620;
				LastUpgradeCheck = 1540;
				TargetAttributes = {
					3ED0602C2C4EE7ED00392BDC = {
						CreatedOnToolsVersion = 15.4;
					};
					3EDAA2902D80A20600CC0F91 = {
						CreatedOnToolsVersion = 16.2;
						TestTargetID = 3ED0602C2C4EE7ED00392BDC;
					};
				};
			};
			buildConfigurationList = 3ED060282C4EE7ED00392BDC /* Build configuration list for PBXProject "Write-It-Down" */;
			compatibilityVersion = "Xcode 14.0";
			developmentRegion = en;
			hasScannedForEncodings = 0;
			knownRegions = (
				en,
				Base,
			);
			mainGroup = 3ED060242C4EE7ED00392BDC;
			packageReferences = (
				3E730C2D2D15441200FCD000 /* XCRemoteSwiftPackageReference "RichTextKit" */,
				3E730C302D15471D00FCD000 /* XCRemoteSwiftPackageReference "supabase-swift" */,
				3EC75B852D55AD5D00A4605A /* XCRemoteSwiftPackageReference "lottie-spm" */,
			);
			productRefGroup = 3ED0602E2C4EE7ED00392BDC /* Products */;
			projectDirPath = "";
			projectRoot = "";
			targets = (
				3ED0602C2C4EE7ED00392BDC /* Ecrivez-local */,
				3EDAA2902D80A20600CC0F91 /* Write-It-Down-localTests */,
			);
		};
/* End PBXProject section */

/* Begin PBXResourcesBuildPhase section */
		3ED0602B2C4EE7ED00392BDC /* Resources */ = {
			isa = PBXResourcesBuildPhase;
			buildActionMask = 2147483647;
			files = (
				3E7B744B2CCD9F2900569AE7 /* README.md in Resources */,
				3ED0E5462E5E3F6E00D2965E /* Assets.xcassets in Resources */,
				3ED0E5472E5E3F6E00D2965E /* smiley.json in Resources */,
				3ED0E5482E5E3F6E00D2965E /* StoreKitConfiguration.storekit in Resources */,
				3EDAA28C2D80A18D00CC0F91 /* TestPlan.xctestplan in Resources */,
				3E252DA62CEBAB390053506C /* screenshot.png in Resources */,
			);
			runOnlyForDeploymentPostprocessing = 0;
		};
		3EDAA28F2D80A20600CC0F91 /* Resources */ = {
			isa = PBXResourcesBuildPhase;
			buildActionMask = 2147483647;
			files = (
			);
			runOnlyForDeploymentPostprocessing = 0;
		};
/* End PBXResourcesBuildPhase section */

/* Begin PBXSourcesBuildPhase section */
		3ED060292C4EE7ED00392BDC /* Sources */ = {
			isa = PBXSourcesBuildPhase;
			buildActionMask = 2147483647;
			files = (
				3ED0E4F92E5E3F6E00D2965E /* LocationManager.swift in Sources */,
				3ED0E4FA2E5E3F6E00D2965E /* ProfileView.swift in Sources */,
				3ED0E4FB2E5E3F6E00D2965E /* AuthenticationView.swift in Sources */,
				3ED0E4FC2E5E3F6E00D2965E /* CategoryEditorView.swift in Sources */,
				3ED0E4FD2E5E3F6E00D2965E /* NoteRepository.swift in Sources */,
				3ED0E4FE2E5E3F6E00D2965E /* PublicNoteDetailView.swift in Sources */,
				3ED0E4FF2E5E3F6E00D2965E /* DonationView.swift in Sources */,
				3ED0E5002E5E3F6E00D2965E /* CheckEmailView.swift in Sources */,
				3ED0E5012E5E3F6E00D2965E /* EnhancedUIComponents.swift in Sources */,
				3ED0E5022E5E3F6E00D2965E /* PublicNoteView.swift in Sources */,
				3ED0E5032E5E3F6E00D2965E /* NotificationManager.swift in Sources */,
				3ED0E5042E5E3F6E00D2965E /* DateBar.swift in Sources */,
				3ED0E5052E5E3F6E00D2965E /* UserSettings.swift in Sources */,
				3ED0E5062E5E3F6E00D2965E /* LocationView.swift in Sources */,
				3ED0E5072E5E3F6E00D2965E /* PremiumManager.swift in Sources */,
				3ED0E5082E5E3F6E00D2965E /* Profile.swift in Sources */,
				3ED0E5092E5E3F6E00D2965E /* Category.swift in Sources */,
				3ED0E50A2E5E3F6E00D2965E /* SupabaseNote.swift in Sources */,
				3ED0E50B2E5E3F6E00D2965E /* CategoryUUIDGenerator.swift in Sources */,
				3ED0E50C2E5E3F6E00D2965E /* EditorPreferencesView.swift in Sources */,
				3ED0E50D2E5E3F6E00D2965E /* LocationSearchViewModel.swift in Sources */,
				3ED0E50E2E5E3F6E00D2965E /* SyncedNote.swift in Sources */,
				3ED0E50F2E5E3F6E00D2965E /* NoteEditorView.swift in Sources */,
				3ED0E5102E5E3F6E00D2965E /* NoteMetadataView.swift in Sources */,
				3ED0E5112E5E3F6E00D2965E /* NoteApp.swift in Sources */,
				3ED0E5122E5E3F6E00D2965E /* NotificationMessageProvider.swift in Sources */,
				3ED0E5132E5E3F6E00D2965E /* MapView.swift in Sources */,
				3ED0E5142E5E3F6E00D2965E /* SupabaseManager.swift in Sources */,
				3ED0E5152E5E3F6E00D2965E /* PaywallView.swift in Sources */,
				3ED0E5162E5E3F6E00D2965E /* StyleManager.swift in Sources */,
				3ED0E5172E5E3F6E00D2965E /* CommentModel.swift in Sources */,
				3ED0E5182E5E3F6E00D2965E /* CoreDataManager.swift in Sources */,
				3ED0E5192E5E3F6E00D2965E /* PrivacyToggleView.swift in Sources */,
				3ED0E51A2E5E3F6E00D2965E /* CategoryEditorListView.swift in Sources */,
				3ED0E51B2E5E3F6E00D2965E /* DateView.swift in Sources */,
				3ED0E51C2E5E3F6E00D2965E /* FeedView.swift in Sources */,
				3ED0E51D2E5E3F6E00D2965E /* UserView.swift in Sources */,
				3ED0E51E2E5E3F6E00D2965E /* TooltipModifier.swift in Sources */,
				3ED0E51F2E5E3F6E00D2965E /* ContentView.swift in Sources */,
				3ED0E5202E5E3F6E00D2965E /* RegistrationView.swift in Sources */,
				3ED0E5212E5E3F6E00D2965E /* Tables.swift in Sources */,
				3ED0E5222E5E3F6E00D2965E /* StorageManager.swift in Sources */,
				3ED0E5232E5E3F6E00D2965E /* Untitled.swift in Sources */,
				3ED0E5242E5E3F6E00D2965E /* LocationAddressViewModel.swift in Sources */,
				3ED0E5252E5E3F6E00D2965E /* OnboardingComponents.swift in Sources */,
				3ED0E5262E5E3F6E00D2965E /* OnboardingCoordinator.swift in Sources */,
				3ED0E5272E5E3F6E00D2965E /* Note.swift in Sources */,
				3ED0E5282E5E3F6E00D2965E /* ToastModifier.swift in Sources */,
				3ED0E5292E5E3F6E00D2965E /* WeatherBar.swift in Sources */,
				3ED0E52B2E5E3F6E00D2965E /* EnhancedCategorySelectionView.swift in Sources */,
				3ED0E52C2E5E3F6E00D2965E /* MyPublicNotesView.swift in Sources */,
				3ED0E52D2E5E3F6E00D2965E /* PrivacySettingsView.swift in Sources */,
				3ED0E52E2E5E3F6E00D2965E /* NotificationPermissionStatus.swift in Sources */,
				3ED0E52F2E5E3F6E00D2965E /* CommentRowView.swift in Sources */,
				3ED0E5302E5E3F6E00D2965E /* SyncManager.swift in Sources */,
				3ED0E5312E5E3F6E00D2965E /* LocationBar.swift in Sources */,
				3ED0E5322E5E3F6E00D2965E /* SuggestedFeature.swift in Sources */,
				3ED0E5332E5E3F6E00D2965E /* ImagePicker.swift in Sources */,
				3ED0E5342E5E3F6E00D2965E /* RichTextView.swift in Sources */,
				3ED0E5352E5E3F6E00D2965E /* NoteView.swift in Sources */,
				3ED0E5362E5E3F6E00D2965E /* OnboardingView.swift in Sources */,
				3ED0E5372E5E3F6E00D2965E /* AuthenticationModel.swift in Sources */,
				3ED0E5382E5E3F6E00D2965E /* DonationManager.swift in Sources */,
				3ED0E5392E5E3F6E00D2965E /* PremiumFeatureView.swift in Sources */,
				3ED0E53A2E5E3F6E00D2965E /* ImageSelectionView.swift in Sources */,
				3ED0E53B2E5E3F6E00D2965E /* NoteEditorViewModel.swift in Sources */,
				3ED0E53C2E5E3F6E00D2965E /* WeatherPicker.swift in Sources */,
				3ED0E53D2E5E3F6E00D2965E /* SyncControlView.swift in Sources */,
				3ED0E53E2E5E3F6E00D2965E /* TutorialConcurrency.swift in Sources */,
				3ED0E53F2E5E3F6E00D2965E /* SettingsView.swift in Sources */,
				3ED0E5402E5E3F6E00D2965E /* BubbleMenuView.swift in Sources */,
				3ED0E5412E5E3F6E00D2965E /* LikeModel.swift in Sources */,
				3ED0E5422E5E3F6E00D2965E /* RichNoteEditorView.swift in Sources */,
				3ED0E5432E5E3F6E00D2965E /* LocationPicker.swift in Sources */,
				3ED0E5442E5E3F6E00D2965E /* NewUserProfileView.swift in Sources */,
				3ED0E5452E5E3F6E00D2965E /* AttributedTextView.swift in Sources */,
				3E7B743F2CC547B600569AE7 /* Model.xcdatamodeld in Sources */,
			);
			runOnlyForDeploymentPostprocessing = 0;
		};
		3EDAA28D2D80A20600CC0F91 /* Sources */ = {
			isa = PBXSourcesBuildPhase;
			buildActionMask = 2147483647;
			files = (
			);
			runOnlyForDeploymentPostprocessing = 0;
		};
/* End PBXSourcesBuildPhase section */

/* Begin PBXTargetDependency section */
		3EDAA2962D80A20600CC0F91 /* PBXTargetDependency */ = {
			isa = PBXTargetDependency;
			target = 3ED0602C2C4EE7ED00392BDC /* Ecrivez-local */;
			targetProxy = 3EDAA2952D80A20600CC0F91 /* PBXContainerItemProxy */;
		};
/* End PBXTargetDependency section */

/* Begin XCBuildConfiguration section */
		3ED060392C4EE7EF00392BDC /* Debug */ = {
			isa = XCBuildConfiguration;
			buildSettings = {
				ALWAYS_SEARCH_USER_PATHS = NO;
				ASSETCATALOG_COMPILER_GENERATE_SWIFT_ASSET_SYMBOL_EXTENSIONS = YES;
				CLANG_ANALYZER_NONNULL = YES;
				CLANG_ANALYZER_NUMBER_OBJECT_CONVERSION = YES_AGGRESSIVE;
				CLANG_CXX_LANGUAGE_STANDARD = "gnu++20";
				CLANG_ENABLE_MODULES = YES;
				CLANG_ENABLE_OBJC_ARC = YES;
				CLANG_ENABLE_OBJC_WEAK = YES;
				CLANG_WARN_BLOCK_CAPTURE_AUTORELEASING = YES;
				CLANG_WARN_BOOL_CONVERSION = YES;
				CLANG_WARN_COMMA = YES;
				CLANG_WARN_CONSTANT_CONVERSION = YES;
				CLANG_WARN_DEPRECATED_OBJC_IMPLEMENTATIONS = YES;
				CLANG_WARN_DIRECT_OBJC_ISA_USAGE = YES_ERROR;
				CLANG_WARN_DOCUMENTATION_COMMENTS = YES;
				CLANG_WARN_EMPTY_BODY = YES;
				CLANG_WARN_ENUM_CONVERSION = YES;
				CLANG_WARN_INFINITE_RECURSION = YES;
				CLANG_WARN_INT_CONVERSION = YES;
				CLANG_WARN_NON_LITERAL_NULL_CONVERSION = YES;
				CLANG_WARN_OBJC_IMPLICIT_RETAIN_SELF = YES;
				CLANG_WARN_OBJC_LITERAL_CONVERSION = YES;
				CLANG_WARN_OBJC_ROOT_CLASS = YES_ERROR;
				CLANG_WARN_QUOTED_INCLUDE_IN_FRAMEWORK_HEADER = YES;
				CLANG_WARN_RANGE_LOOP_ANALYSIS = YES;
				CLANG_WARN_STRICT_PROTOTYPES = YES;
				CLANG_WARN_SUSPICIOUS_MOVE = YES;
				CLANG_WARN_UNGUARDED_AVAILABILITY = YES_AGGRESSIVE;
				CLANG_WARN_UNREACHABLE_CODE = YES;
				CLANG_WARN__DUPLICATE_METHOD_MATCH = YES;
				COPY_PHASE_STRIP = NO;
				DEBUG_INFORMATION_FORMAT = "dwarf-with-dsym";
				ENABLE_STRICT_OBJC_MSGSEND = YES;
				ENABLE_TESTABILITY = YES;
				ENABLE_USER_SCRIPT_SANDBOXING = YES;
				GCC_C_LANGUAGE_STANDARD = gnu17;
				GCC_DYNAMIC_NO_PIC = NO;
				GCC_NO_COMMON_BLOCKS = YES;
				GCC_OPTIMIZATION_LEVEL = 0;
				GCC_PREPROCESSOR_DEFINITIONS = (
					"DEBUG=1",
					"$(inherited)",
				);
				GCC_WARN_64_TO_32_BIT_CONVERSION = YES;
				GCC_WARN_ABOUT_RETURN_TYPE = YES_ERROR;
				GCC_WARN_UNDECLARED_SELECTOR = YES;
				GCC_WARN_UNINITIALIZED_AUTOS = YES_AGGRESSIVE;
				GCC_WARN_UNUSED_FUNCTION = YES;
				GCC_WARN_UNUSED_VARIABLE = YES;
				IPHONEOS_DEPLOYMENT_TARGET = 18.0;
				LOCALIZATION_PREFERS_STRING_CATALOGS = YES;
				MTL_ENABLE_DEBUG_INFO = INCLUDE_SOURCE;
				MTL_FAST_MATH = YES;
				ONLY_ACTIVE_ARCH = NO;
				SDKROOT = iphoneos;
				SWIFT_ACTIVE_COMPILATION_CONDITIONS = "DEBUG $(inherited)";
				SWIFT_OPTIMIZATION_LEVEL = "-Onone";
				SWIFT_VERSION = 6.0;
			};
			name = Debug;
		};
		3ED0603A2C4EE7EF00392BDC /* Release */ = {
			isa = XCBuildConfiguration;
			buildSettings = {
				ALWAYS_SEARCH_USER_PATHS = NO;
				ASSETCATALOG_COMPILER_GENERATE_SWIFT_ASSET_SYMBOL_EXTENSIONS = YES;
				CLANG_ANALYZER_NONNULL = YES;
				CLANG_ANALYZER_NUMBER_OBJECT_CONVERSION = YES_AGGRESSIVE;
				CLANG_CXX_LANGUAGE_STANDARD = "gnu++20";
				CLANG_ENABLE_MODULES = YES;
				CLANG_ENABLE_OBJC_ARC = YES;
				CLANG_ENABLE_OBJC_WEAK = YES;
				CLANG_WARN_BLOCK_CAPTURE_AUTORELEASING = YES;
				CLANG_WARN_BOOL_CONVERSION = YES;
				CLANG_WARN_COMMA = YES;
				CLANG_WARN_CONSTANT_CONVERSION = YES;
				CLANG_WARN_DEPRECATED_OBJC_IMPLEMENTATIONS = YES;
				CLANG_WARN_DIRECT_OBJC_ISA_USAGE = YES_ERROR;
				CLANG_WARN_DOCUMENTATION_COMMENTS = YES;
				CLANG_WARN_EMPTY_BODY = YES;
				CLANG_WARN_ENUM_CONVERSION = YES;
				CLANG_WARN_INFINITE_RECURSION = YES;
				CLANG_WARN_INT_CONVERSION = YES;
				CLANG_WARN_NON_LITERAL_NULL_CONVERSION = YES;
				CLANG_WARN_OBJC_IMPLICIT_RETAIN_SELF = YES;
				CLANG_WARN_OBJC_LITERAL_CONVERSION = YES;
				CLANG_WARN_OBJC_ROOT_CLASS = YES_ERROR;
				CLANG_WARN_QUOTED_INCLUDE_IN_FRAMEWORK_HEADER = YES;
				CLANG_WARN_RANGE_LOOP_ANALYSIS = YES;
				CLANG_WARN_STRICT_PROTOTYPES = YES;
				CLANG_WARN_SUSPICIOUS_MOVE = YES;
				CLANG_WARN_UNGUARDED_AVAILABILITY = YES_AGGRESSIVE;
				CLANG_WARN_UNREACHABLE_CODE = YES;
				CLANG_WARN__DUPLICATE_METHOD_MATCH = YES;
				COPY_PHASE_STRIP = NO;
				DEBUG_INFORMATION_FORMAT = "dwarf-with-dsym";
				ENABLE_NS_ASSERTIONS = NO;
				ENABLE_STRICT_OBJC_MSGSEND = YES;
				ENABLE_USER_SCRIPT_SANDBOXING = YES;
				GCC_C_LANGUAGE_STANDARD = gnu17;
				GCC_NO_COMMON_BLOCKS = YES;
				GCC_WARN_64_TO_32_BIT_CONVERSION = YES;
				GCC_WARN_ABOUT_RETURN_TYPE = YES_ERROR;
				GCC_WARN_UNDECLARED_SELECTOR = YES;
				GCC_WARN_UNINITIALIZED_AUTOS = YES_AGGRESSIVE;
				GCC_WARN_UNUSED_FUNCTION = YES;
				GCC_WARN_UNUSED_VARIABLE = YES;
				IPHONEOS_DEPLOYMENT_TARGET = 18.0;
				LOCALIZATION_PREFERS_STRING_CATALOGS = YES;
				MTL_ENABLE_DEBUG_INFO = INCLUDE_SOURCE;
				MTL_FAST_MATH = YES;
				ONLY_ACTIVE_ARCH = YES;
				SDKROOT = iphoneos;
				SWIFT_COMPILATION_MODE = wholemodule;
				SWIFT_VERSION = 6.0;
				VALIDATE_PRODUCT = YES;
			};
			name = Release;
		};
		3ED0603C2C4EE7EF00392BDC /* Debug */ = {
			isa = XCBuildConfiguration;
			buildSettings = {
				ASSETCATALOG_COMPILER_APPICON_NAME = AppIcon;
				ASSETCATALOG_COMPILER_GLOBAL_ACCENT_COLOR_NAME = AccentColor;
				CODE_SIGN_STYLE = Automatic;
				CURRENT_PROJECT_VERSION = 1;
				DEVELOPMENT_ASSET_PATHS = "\"Ecrivez-local/Preview Content\"";
				DEVELOPMENT_TEAM = 679K683SQ5;
				ENABLE_PREVIEWS = YES;
				GENERATE_INFOPLIST_FILE = NO;
				INFOPLIST_FILE = "Ecrivez-local/Info.plist";
				INFOPLIST_KEY_CFBundleDisplayName = "Write-It-Down";
				INFOPLIST_KEY_LSApplicationCategoryType = "public.app-category.utilities";
				INFOPLIST_KEY_NSLocationWhenInUseUsageDescription = "Write-It-Down needs to know your location to add it to the notes.";
				INFOPLIST_KEY_UIApplicationSceneManifest_Generation = YES;
				INFOPLIST_KEY_UIApplicationSupportsIndirectInputEvents = YES;
				INFOPLIST_KEY_UILaunchScreen_Generation = YES;
				INFOPLIST_KEY_UISupportedInterfaceOrientations_iPad = "UIInterfaceOrientationPortrait UIInterfaceOrientationPortraitUpsideDown UIInterfaceOrientationLandscapeLeft UIInterfaceOrientationLandscapeRight";
				INFOPLIST_KEY_UISupportedInterfaceOrientations_iPhone = "UIInterfaceOrientationPortrait UIInterfaceOrientationLandscapeLeft UIInterfaceOrientationLandscapeRight";
				LD_RUNPATH_SEARCH_PATHS = (
					"$(inherited)",
					"@executable_path/Frameworks",
				);
				MARKETING_VERSION = 1.0.1;
				PRODUCT_BUNDLE_IDENTIFIER = "com.tobiasfu.write-it-down";
				PRODUCT_NAME = "$(TARGET_NAME)";
				TARGETED_DEVICE_FAMILY = "1,2";
			};
			name = Debug;
		};
		3ED0603D2C4EE7EF00392BDC /* Release */ = {
			isa = XCBuildConfiguration;
			buildSettings = {
				ASSETCATALOG_COMPILER_APPICON_NAME = AppIcon;
				ASSETCATALOG_COMPILER_GLOBAL_ACCENT_COLOR_NAME = AccentColor;
				CODE_SIGN_ENTITLEMENTS = "Ecrivez-local/Ecrivez-localRelease.entitlements";
				CODE_SIGN_STYLE = Automatic;
				CURRENT_PROJECT_VERSION = 1;
				DEVELOPMENT_ASSET_PATHS = "\"Ecrivez-local/Preview Content\"";
				DEVELOPMENT_TEAM = 679K683SQ5;
				ENABLE_PREVIEWS = YES;
				GENERATE_INFOPLIST_FILE = NO;
				INFOPLIST_FILE = "Ecrivez-local/Info.plist";
				INFOPLIST_KEY_CFBundleDisplayName = "Write-It-Down";
				INFOPLIST_KEY_LSApplicationCategoryType = "public.app-category.utilities";
				INFOPLIST_KEY_NSLocationWhenInUseUsageDescription = "Write-It-Down needs to know your location to add it to the notes.";
				INFOPLIST_KEY_UIApplicationSceneManifest_Generation = YES;
				INFOPLIST_KEY_UIApplicationSupportsIndirectInputEvents = YES;
				INFOPLIST_KEY_UILaunchScreen_Generation = YES;
				INFOPLIST_KEY_UISupportedInterfaceOrientations_iPad = "UIInterfaceOrientationPortrait UIInterfaceOrientationPortraitUpsideDown UIInterfaceOrientationLandscapeLeft UIInterfaceOrientationLandscapeRight";
				INFOPLIST_KEY_UISupportedInterfaceOrientations_iPhone = "UIInterfaceOrientationPortrait UIInterfaceOrientationLandscapeLeft UIInterfaceOrientationLandscapeRight";
				LD_RUNPATH_SEARCH_PATHS = (
					"$(inherited)",
					"@executable_path/Frameworks",
				);
				MARKETING_VERSION = 1.0.1;
				PRODUCT_BUNDLE_IDENTIFIER = "com.tobiasfu.write-it-down";
				PRODUCT_NAME = "$(TARGET_NAME)";
				TARGETED_DEVICE_FAMILY = "1,2";
			};
			name = Release;
		};
		3EDAA2982D80A20600CC0F91 /* Debug */ = {
			isa = XCBuildConfiguration;
			buildSettings = {
				BUNDLE_LOADER = "$(TEST_HOST)";
				CODE_SIGN_STYLE = Automatic;
				CURRENT_PROJECT_VERSION = 1;
				DEVELOPMENT_TEAM = KUXA576FBM;
				GENERATE_INFOPLIST_FILE = NO;
				MARKETING_VERSION = 1.0;
				PRODUCT_BUNDLE_IDENTIFIER = "com.tobiasfu.Write-It-Down-localTests";
				PRODUCT_NAME = "$(TARGET_NAME)";
				SWIFT_EMIT_LOC_STRINGS = NO;
				TARGETED_DEVICE_FAMILY = "1,2";
				TEST_HOST = "$(BUILT_PRODUCTS_DIR)/Ecrivez-local.app/$(BUNDLE_EXECUTABLE_FOLDER_PATH)/Ecrivez-local";
			};
			name = Debug;
		};
		3EDAA2992D80A20600CC0F91 /* Release */ = {
			isa = XCBuildConfiguration;
			buildSettings = {
				BUNDLE_LOADER = "$(TEST_HOST)";
				CODE_SIGN_STYLE = Automatic;
				CURRENT_PROJECT_VERSION = 1;
				DEVELOPMENT_TEAM = 679K683SQ5;
				GENERATE_INFOPLIST_FILE = NO;
				MARKETING_VERSION = 1.0;
				PRODUCT_BUNDLE_IDENTIFIER = "com.tobiasfu.Write-It-Down-localTests";
				PRODUCT_NAME = "$(TARGET_NAME)";
				SWIFT_EMIT_LOC_STRINGS = NO;
				TARGETED_DEVICE_FAMILY = "1,2";
				TEST_HOST = "$(BUILT_PRODUCTS_DIR)/Ecrivez-local.app/$(BUNDLE_EXECUTABLE_FOLDER_PATH)/Ecrivez-local";
			};
			name = Release;
		};
/* End XCBuildConfiguration section */

/* Begin XCConfigurationList section */
		3ED060282C4EE7ED00392BDC /* Build configuration list for PBXProject "Write-It-Down" */ = {
			isa = XCConfigurationList;
			buildConfigurations = (
				3ED060392C4EE7EF00392BDC /* Debug */,
				3ED0603A2C4EE7EF00392BDC /* Release */,
			);
			defaultConfigurationIsVisible = 0;
			defaultConfigurationName = Release;
		};
		3ED0603B2C4EE7EF00392BDC /* Build configuration list for PBXNativeTarget "Ecrivez-local" */ = {
			isa = XCConfigurationList;
			buildConfigurations = (
				3ED0603C2C4EE7EF00392BDC /* Debug */,
				3ED0603D2C4EE7EF00392BDC /* Release */,
			);
			defaultConfigurationIsVisible = 0;
			defaultConfigurationName = Release;
		};
		3EDAA2972D80A20600CC0F91 /* Build configuration list for PBXNativeTarget "Write-It-Down-localTests" */ = {
			isa = XCConfigurationList;
			buildConfigurations = (
				3EDAA2982D80A20600CC0F91 /* Debug */,
				3EDAA2992D80A20600CC0F91 /* Release */,
			);
			defaultConfigurationIsVisible = 0;
			defaultConfigurationName = Release;
		};
/* End XCConfigurationList section */

/* Begin XCRemoteSwiftPackageReference section */
		3E730C2D2D15441200FCD000 /* XCRemoteSwiftPackageReference "RichTextKit" */ = {
			isa = XCRemoteSwiftPackageReference;
			repositoryURL = "https://github.com/danielsaidi/RichTextKit";
			requirement = {
				kind = upToNextMajorVersion;
				minimumVersion = 1.1.1;
			};
		};
		3E730C302D15471D00FCD000 /* XCRemoteSwiftPackageReference "supabase-swift" */ = {
			isa = XCRemoteSwiftPackageReference;
			repositoryURL = "https://github.com/supabase-community/supabase-swift.git";
			requirement = {
				kind = upToNextMajorVersion;
				minimumVersion = 2.5.1;
			};
		};
		3EC75B852D55AD5D00A4605A /* XCRemoteSwiftPackageReference "lottie-spm" */ = {
			isa = XCRemoteSwiftPackageReference;
			repositoryURL = "https://github.com/airbnb/lottie-spm";
			requirement = {
				kind = upToNextMajorVersion;
				minimumVersion = 4.5.1;
			};
		};
/* End XCRemoteSwiftPackageReference section */

/* Begin XCSwiftPackageProductDependency section */
		3E730C2E2D15441200FCD000 /* RichTextKit */ = {
			isa = XCSwiftPackageProductDependency;
			package = 3E730C2D2D15441200FCD000 /* XCRemoteSwiftPackageReference "RichTextKit" */;
			productName = RichTextKit;
		};
		3E730C312D15471D00FCD000 /* Auth */ = {
			isa = XCSwiftPackageProductDependency;
			package = 3E730C302D15471D00FCD000 /* XCRemoteSwiftPackageReference "supabase-swift" */;
			productName = Auth;
		};
		3E730C332D15471D00FCD000 /* Functions */ = {
			isa = XCSwiftPackageProductDependency;
			package = 3E730C302D15471D00FCD000 /* XCRemoteSwiftPackageReference "supabase-swift" */;
			productName = Functions;
		};
		3E730C352D15471D00FCD000 /* PostgREST */ = {
			isa = XCSwiftPackageProductDependency;
			package = 3E730C302D15471D00FCD000 /* XCRemoteSwiftPackageReference "supabase-swift" */;
			productName = PostgREST;
		};
		3E730C372D15471D00FCD000 /* Realtime */ = {
			isa = XCSwiftPackageProductDependency;
			package = 3E730C302D15471D00FCD000 /* XCRemoteSwiftPackageReference "supabase-swift" */;
			productName = Realtime;
		};
		3E730C392D15471D00FCD000 /* Storage */ = {
			isa = XCSwiftPackageProductDependency;
			package = 3E730C302D15471D00FCD000 /* XCRemoteSwiftPackageReference "supabase-swift" */;
			productName = Storage;
		};
		3E730C3B2D15471D00FCD000 /* Supabase */ = {
			isa = XCSwiftPackageProductDependency;
			package = 3E730C302D15471D00FCD000 /* XCRemoteSwiftPackageReference "supabase-swift" */;
			productName = Supabase;
		};
		3EC75B862D55AD5D00A4605A /* Lottie */ = {
			isa = XCSwiftPackageProductDependency;
			package = 3EC75B852D55AD5D00A4605A /* XCRemoteSwiftPackageReference "lottie-spm" */;
			productName = Lottie;
		};
/* End XCSwiftPackageProductDependency section */

/* Begin XCVersionGroup section */
		3E7B743D2CC5467800569AE7 /* Model.xcdatamodeld */ = {
			isa = XCVersionGroup;
			children = (
				3E7B743E2CC5467800569AE7 /* Model.xcdatamodel */,
			);
			currentVersion = 3E7B743E2CC5467800569AE7 /* Model.xcdatamodel */;
			path = Model.xcdatamodeld;
			sourceTree = "<group>";
			versionGroupType = wrapper.xcdatamodel;
		};
/* End XCVersionGroup section */
	};
	rootObject = 3ED060252C4EE7ED00392BDC /* Project object */;
}
